
Microsoft Visual Studio Solution File, Format Version 12.00
# Visual Studio 15
VisualStudioVersion = 15.0.26730.15
MinimumVisualStudioVersion = 10.0.40219.1
Project("{9A19103F-16F7-4668-BE54-9A1E7A4F7556}") = "WebApplication1", "WebApplication1\WebApplication1.csproj", "{B4BF29CC-803E-48A8-B862-FFB2ACF4C3C1}"
EndProject
Project("{9A19103F-16F7-4668-BE54-9A1E7A4F7556}") = "UnitTestProject_AspNet_Exam2017", "UnitTestProject_AspNet_Exam2017\UnitTestProject_AspNet_Exam2017.csproj", "{0780E77C-1C0E-4269-B0DE-CA6BAE4E2560}"
EndProject
Project("{FAE04EC0-301F-11D3-BF4B-00C04F79EFBC}") = "XmlSerializeClassLibrary", "XmlSerializeClassLibrary\XmlSerializeClassLibrary.csproj", "{10D66412-D566-437B-8D34-E21349179711}"
EndProject
Global
	GlobalSection(SolutionConfigurationPlatforms) = preSolution
		Debug|Any CPU = Debug|Any CPU
		Release|Any CPU = Release|Any CPU
	EndGlobalSection
	GlobalSection(ProjectConfigurationPlatforms) = postSolution
		{B4BF29CC-803E-48A8-B862-FFB2ACF4C3C1}.Debug|Any CPU.ActiveCfg = Debug|Any CPU
		{B4BF29CC-803E-48A8-B862-FFB2ACF4C3C1}.Debug|Any CPU.Build.0 = Debug|Any CPU
		{B4BF29CC-803E-48A8-B862-FFB2ACF4C3C1}.Release|Any CPU.ActiveCfg = Release|Any CPU
		{B4BF29CC-803E-48A8-B862-FFB2ACF4C3C1}.Release|Any CPU.Build.0 = Release|Any CPU
		{0780E77C-1C0E-4269-B0DE-CA6BAE4E2560}.Debug|Any CPU.ActiveCfg = Debug|Any CPU
		{0780E77C-1C0E-4269-B0DE-CA6BAE4E2560}.Debug|Any CPU.Build.0 = Debug|Any CPU
		{0780E77C-1C0E-4269-B0DE-CA6BAE4E2560}.Release|Any CPU.ActiveCfg = Release|Any CPU
		{0780E77C-1C0E-4269-B0DE-CA6BAE4E2560}.Release|Any CPU.Build.0 = Release|Any CPU
		{10D66412-D566-437B-8D34-E21349179711}.Debug|Any CPU.ActiveCfg = Debug|Any CPU
		{10D66412-D566-437B-8D34-E21349179711}.Debug|Any CPU.Build.0 = Debug|Any CPU
		{10D66412-D566-437B-8D34-E21349179711}.Release|Any CPU.ActiveCfg = Release|Any CPU
		{10D66412-D566-437B-8D34-E21349179711}.Release|Any CPU.Build.0 = Release|Any CPU
	EndGlobalSection
	GlobalSection(SolutionProperties) = preSolution
		HideSolutionNode = FALSE
	EndGlobalSection
	GlobalSection(ExtensibilityGlobals) = postSolution
		SolutionGuid = {6AD9FEEB-E0D0-4FAD-BD40-A683EA590AE2}
	EndGlobalSection
EndGlobal
